
Microsoft Visual Studio Solution File, Format Version 12.00
# Visual Studio Version 17
VisualStudioVersion = 17.10.35013.160
MinimumVisualStudioVersion = 10.0.40219.1
Project("{FAE04EC0-301F-11D3-BF4B-00C04F79EFBC}") = "ProjectIdeaGenerator4000", "ProjectIdeaGenerator4000\ProjectIdeaGenerator4000.csproj", "{DBEE9763-52C0-44AF-9E3E-463E269F8554}"
EndProject
Global
	GlobalSection(SolutionConfigurationPlatforms) = preSolution
		Debug|Any CPU = Debug|Any CPU
		Release|Any CPU = Release|Any CPU
	EndGlobalSection
	GlobalSection(ProjectConfigurationPlatforms) = postSolution
		{DBEE9763-52C0-44AF-9E3E-463E269F8554}.Debug|Any CPU.ActiveCfg = Debug|Any CPU
		{DBEE9763-52C0-44AF-9E3E-463E269F8554}.Debug|Any CPU.Build.0 = Debug|Any CPU
		{DBEE9763-52C0-44AF-9E3E-463E269F8554}.Release|Any CPU.ActiveCfg = Release|Any CPU
		{DBEE9763-52C0-44AF-9E3E-463E269F8554}.Release|Any CPU.Build.0 = Release|Any CPU
	EndGlobalSection
	GlobalSection(SolutionProperties) = preSolution
		HideSolutionNode = FALSE
	EndGlobalSection
	GlobalSection(ExtensibilityGlobals) = postSolution
		SolutionGuid = {ACBCE519-1E69-4411-8D25-65D4B40757F5}
	EndGlobalSection
EndGlobal
